
Microsoft Visual Studio Solution File, Format Version 12.00
# Visual Studio Version 16
VisualStudioVersion = 16.0.31702.278
MinimumVisualStudioVersion = 10.0.40219.1
Project("{FAE04EC0-301F-11D3-BF4B-00C04F79EFBC}") = "WindowsFormsApp7", "WindowsFormsApp7\WindowsFormsApp7.csproj", "{BED950A8-829D-48D3-A190-67EC6B0715D6}"
EndProject
Global
	GlobalSection(SolutionConfigurationPlatforms) = preSolution
		Debug|Any CPU = Debug|Any CPU
		Release|Any CPU = Release|Any CPU
	EndGlobalSection
	GlobalSection(ProjectConfigurationPlatforms) = postSolution
		{BED950A8-829D-48D3-A190-67EC6B0715D6}.Debug|Any CPU.ActiveCfg = Debug|Any CPU
		{BED950A8-829D-48D3-A190-67EC6B0715D6}.Debug|Any CPU.Build.0 = Debug|Any CPU
		{BED950A8-829D-48D3-A190-67EC6B0715D6}.Release|Any CPU.ActiveCfg = Release|Any CPU
		{BED950A8-829D-48D3-A190-67EC6B0715D6}.Release|Any CPU.Build.0 = Release|Any CPU
	EndGlobalSection
	GlobalSection(SolutionProperties) = preSolution
		HideSolutionNode = FALSE
	EndGlobalSection
	GlobalSection(ExtensibilityGlobals) = postSolution
		SolutionGuid = {CD34BAC8-9190-4EFF-B39B-4C9C950F45E4}
	EndGlobalSection
EndGlobal
